
Microsoft Visual Studio Solution File, Format Version 12.00
# Visual Studio 2013
VisualStudioVersion = 12.0.30501.0
MinimumVisualStudioVersion = 10.0.40219.1
Project("{8BC9CEB8-8B4A-11D0-8D11-00A0C91BC942}") = "ExternalDLL", "..\ExternalDLL\ExternalDLL\ExternalDLL.vcxproj", "{E562103B-C7F3-4BD5-831A-28E27252736A}"
EndProject
Project("{FAE04EC0-301F-11D3-BF4B-00C04F79EFBC}") = "FaceRecognitionGUI", "..\FaceRecognitionGUI\FaceRecognitionGUI\FaceRecognitionGUI.csproj", "{56D4B828-CEE0-43E4-BACE-0D96D75BB2B2}"
EndProject
Global
	GlobalSection(SolutionConfigurationPlatforms) = preSolution
		Debug|Any CPU = Debug|Any CPU
		Debug|Mixed Platforms = Debug|Mixed Platforms
		Debug|Win32 = Debug|Win32
		Release|Any CPU = Release|Any CPU
		Release|Mixed Platforms = Release|Mixed Platforms
		Release|Win32 = Release|Win32
		Test (Debug)|Any CPU = Test (Debug)|Any CPU
		Test (Debug)|Mixed Platforms = Test (Debug)|Mixed Platforms
		Test (Debug)|Win32 = Test (Debug)|Win32
		Test (Release)|Any CPU = Test (Release)|Any CPU
		Test (Release)|Mixed Platforms = Test (Release)|Mixed Platforms
		Test (Release)|Win32 = Test (Release)|Win32
	EndGlobalSection
	GlobalSection(ProjectConfigurationPlatforms) = postSolution
		{E562103B-C7F3-4BD5-831A-28E27252736A}.Debug|Any CPU.ActiveCfg = Debug|Win32
		{E562103B-C7F3-4BD5-831A-28E27252736A}.Debug|Mixed Platforms.ActiveCfg = Debug|Win32
		{E562103B-C7F3-4BD5-831A-28E27252736A}.Debug|Mixed Platforms.Build.0 = Debug|Win32
		{E562103B-C7F3-4BD5-831A-28E27252736A}.Debug|Win32.ActiveCfg = Debug|Win32
		{E562103B-C7F3-4BD5-831A-28E27252736A}.Debug|Win32.Build.0 = Debug|Win32
		{E562103B-C7F3-4BD5-831A-28E27252736A}.Release|Any CPU.ActiveCfg = Release|Win32
		{E562103B-C7F3-4BD5-831A-28E27252736A}.Release|Mixed Platforms.ActiveCfg = Release|Win32
		{E562103B-C7F3-4BD5-831A-28E27252736A}.Release|Mixed Platforms.Build.0 = Release|Win32
		{E562103B-C7F3-4BD5-831A-28E27252736A}.Release|Win32.ActiveCfg = Release|Win32
		{E562103B-C7F3-4BD5-831A-28E27252736A}.Release|Win32.Build.0 = Release|Win32
		{E562103B-C7F3-4BD5-831A-28E27252736A}.Test (Debug)|Any CPU.ActiveCfg = Test (Debug)|Win32
		{E562103B-C7F3-4BD5-831A-28E27252736A}.Test (Debug)|Mixed Platforms.ActiveCfg = Test (Debug)|Win32
		{E562103B-C7F3-4BD5-831A-28E27252736A}.Test (Debug)|Mixed Platforms.Build.0 = Test (Debug)|Win32
		{E562103B-C7F3-4BD5-831A-28E27252736A}.Test (Debug)|Win32.ActiveCfg = Test (Debug)|Win32
		{E562103B-C7F3-4BD5-831A-28E27252736A}.Test (Debug)|Win32.Build.0 = Test (Debug)|Win32
		{E562103B-C7F3-4BD5-831A-28E27252736A}.Test (Release)|Any CPU.ActiveCfg = Test (Release)|Win32
		{E562103B-C7F3-4BD5-831A-28E27252736A}.Test (Release)|Mixed Platforms.ActiveCfg = Test (Release)|Win32
		{E562103B-C7F3-4BD5-831A-28E27252736A}.Test (Release)|Mixed Platforms.Build.0 = Test (Release)|Win32
		{E562103B-C7F3-4BD5-831A-28E27252736A}.Test (Release)|Win32.ActiveCfg = Test (Release)|Win32
		{E562103B-C7F3-4BD5-831A-28E27252736A}.Test (Release)|Win32.Build.0 = Test (Release)|Win32
		{56D4B828-CEE0-43E4-BACE-0D96D75BB2B2}.Debug|Any CPU.ActiveCfg = Debug|Any CPU
		{56D4B828-CEE0-43E4-BACE-0D96D75BB2B2}.Debug|Any CPU.Build.0 = Debug|Any CPU
		{56D4B828-CEE0-43E4-BACE-0D96D75BB2B2}.Debug|Mixed Platforms.ActiveCfg = Debug|Any CPU
		{56D4B828-CEE0-43E4-BACE-0D96D75BB2B2}.Debug|Mixed Platforms.Build.0 = Debug|Any CPU
		{56D4B828-CEE0-43E4-BACE-0D96D75BB2B2}.Debug|Win32.ActiveCfg = Debug|Any CPU
		{56D4B828-CEE0-43E4-BACE-0D96D75BB2B2}.Release|Any CPU.ActiveCfg = Release|Any CPU
		{56D4B828-CEE0-43E4-BACE-0D96D75BB2B2}.Release|Any CPU.Build.0 = Release|Any CPU
		{56D4B828-CEE0-43E4-BACE-0D96D75BB2B2}.Release|Mixed Platforms.ActiveCfg = Release|Any CPU
		{56D4B828-CEE0-43E4-BACE-0D96D75BB2B2}.Release|Mixed Platforms.Build.0 = Release|Any CPU
		{56D4B828-CEE0-43E4-BACE-0D96D75BB2B2}.Release|Win32.ActiveCfg = Release|Any CPU
		{56D4B828-CEE0-43E4-BACE-0D96D75BB2B2}.Test (Debug)|Any CPU.ActiveCfg = Debug|Any CPU
		{56D4B828-CEE0-43E4-BACE-0D96D75BB2B2}.Test (Debug)|Any CPU.Build.0 = Debug|Any CPU
		{56D4B828-CEE0-43E4-BACE-0D96D75BB2B2}.Test (Debug)|Mixed Platforms.ActiveCfg = Debug|Any CPU
		{56D4B828-CEE0-43E4-BACE-0D96D75BB2B2}.Test (Debug)|Mixed Platforms.Build.0 = Debug|Any CPU
		{56D4B828-CEE0-43E4-BACE-0D96D75BB2B2}.Test (Debug)|Win32.ActiveCfg = Debug|Any CPU
		{56D4B828-CEE0-43E4-BACE-0D96D75BB2B2}.Test (Release)|Any CPU.ActiveCfg = Release|Any CPU
		{56D4B828-CEE0-43E4-BACE-0D96D75BB2B2}.Test (Release)|Any CPU.Build.0 = Release|Any CPU
		{56D4B828-CEE0-43E4-BACE-0D96D75BB2B2}.Test (Release)|Mixed Platforms.ActiveCfg = Release|Any CPU
		{56D4B828-CEE0-43E4-BACE-0D96D75BB2B2}.Test (Release)|Mixed Platforms.Build.0 = Release|Any CPU
		{56D4B828-CEE0-43E4-BACE-0D96D75BB2B2}.Test (Release)|Win32.ActiveCfg = Release|Any CPU
	EndGlobalSection
	GlobalSection(SolutionProperties) = preSolution
		HideSolutionNode = FALSE
	EndGlobalSection
EndGlobal
